Microsoft Visual Studio Solution File, Format Version 12.00
# Visual Studio Version 17
VisualStudioVersion = 17.3.32929.385
MinimumVisualStudioVersion = 10.0.40219.1
Project("{8BC9CEB8-8B4A-11D0-8D11-00A0C91BC942}") = "EccEdc_linux", "EccEdc\EccEdc_linux.vcxproj", "{5C32ACD9-8EE1-4307-8422-D88E5E421380}"
EndProject
Global
	GlobalSection(SolutionConfigurationPlatforms) = preSolution
		Debug|ARM = Debug|ARM
		Debug|x64 = Debug|x64
		Debug|x86 = Debug|x86
		Release|ARM = Release|ARM
		Release|x64 = Release|x64
		Release|x86 = Release|x86
	EndGlobalSection
	GlobalSection(ProjectConfigurationPlatforms) = postSolution
		{5C32ACD9-8EE1-4307-8422-D88E5E421380}.Debug|ARM.ActiveCfg = Debug|ARM
		{5C32ACD9-8EE1-4307-8422-D88E5E421380}.Debug|ARM.Build.0 = Debug|ARM
		{5C32ACD9-8EE1-4307-8422-D88E5E421380}.Debug|x64.ActiveCfg = Debug|x64
		{5C32ACD9-8EE1-4307-8422-D88E5E421380}.Debug|x64.Build.0 = Debug|x64
		{5C32ACD9-8EE1-4307-8422-D88E5E421380}.Debug|x86.ActiveCfg = Debug|x86
		{5C32ACD9-8EE1-4307-8422-D88E5E421380}.Debug|x86.Build.0 = Debug|x86
		{5C32ACD9-8EE1-4307-8422-D88E5E421380}.Release|ARM.ActiveCfg = Release|ARM
		{5C32ACD9-8EE1-4307-8422-D88E5E421380}.Release|ARM.Build.0 = Release|ARM
		{5C32ACD9-8EE1-4307-8422-D88E5E421380}.Release|x64.ActiveCfg = Release|x64
		{5C32ACD9-8EE1-4307-8422-D88E5E421380}.Release|x64.Build.0 = Release|x64
		{5C32ACD9-8EE1-4307-8422-D88E5E421380}.Release|x86.ActiveCfg = Release|x86
		{5C32ACD9-8EE1-4307-8422-D88E5E421380}.Release|x86.Build.0 = Release|x86
	EndGlobalSection
	GlobalSection(SolutionProperties) = preSolution
		HideSolutionNode = FALSE
	EndGlobalSection
	GlobalSection(ExtensibilityGlobals) = postSolution
		SolutionGuid = {7651E955-28B6-40EE-9BE1-3035849D8B17}
	EndGlobalSection
EndGlobal
